// !$*UTF8*$!
{
	archiveVersion = 1;
	classes = {
	};
	objectVersion = 56;
	objects = {

/* Begin PBXBuildFile section */
		CE7419F12A2F18F400D84E0C /* AppDelegate.swift in Sources */ = {isa = PBXBuildFile; fileRef = CE7419F02A2F18F400D84E0C /* AppDelegate.swift */; };
		CE7419F32A2F18F400D84E0C /* SceneDelegate.swift in Sources */ = {isa = PBXBuildFile; fileRef = CE7419F22A2F18F400D84E0C /* SceneDelegate.swift */; };
		CE7419F52A2F18F400D84E0C /* ViewController.swift in Sources */ = {isa = PBXBuildFile; fileRef = CE7419F42A2F18F400D84E0C /* ViewController.swift */; };
		CE7419F82A2F18F400D84E0C /* Main.storyboard in Resources */ = {isa = PBXBuildFile; fileRef = CE7419F62A2F18F400D84E0C /* Main.storyboard */; };
		CE7419FB2A2F18F400D84E0C /* PaymentApp_CIBL_Task.xcdatamodeld in Sources */ = {isa = PBXBuildFile; fileRef = CE7419F92A2F18F400D84E0C /* PaymentApp_CIBL_Task.xcdatamodeld */; };
		CE7419FD2A2F18F700D84E0C /* Assets.xcassets in Resources */ = {isa = PBXBuildFile; fileRef = CE7419FC2A2F18F700D84E0C /* Assets.xcassets */; };
		CE741A002A2F18F700D84E0C /* LaunchScreen.storyboard in Resources */ = {isa = PBXBuildFile; fileRef = CE7419FE2A2F18F700D84E0C /* LaunchScreen.storyboard */; };
		CE741A0B2A2F18F800D84E0C /* PaymentApp_CIBL_TaskTests.swift in Sources */ = {isa = PBXBuildFile; fileRef = CE741A0A2A2F18F800D84E0C /* PaymentApp_CIBL_TaskTests.swift */; };
		CE741A152A2F18F800D84E0C /* PaymentApp_CIBL_TaskUITests.swift in Sources */ = {isa = PBXBuildFile; fileRef = CE741A142A2F18F800D84E0C /* PaymentApp_CIBL_TaskUITests.swift */; };
		CE741A172A2F18F800D84E0C /* PaymentApp_CIBL_TaskUITestsLaunchTests.swift in Sources */ = {isa = PBXBuildFile; fileRef = CE741A162A2F18F800D84E0C /* PaymentApp_CIBL_TaskUITestsLaunchTests.swift */; };
		CE741A292A2F237800D84E0C /* Payment.storyboard in Resources */ = {isa = PBXBuildFile; fileRef = CE741A282A2F237800D84E0C /* Payment.storyboard */; };
		CE741A2B2A2F238E00D84E0C /* PaymentViewController.swift in Sources */ = {isa = PBXBuildFile; fileRef = CE741A2A2A2F238E00D84E0C /* PaymentViewController.swift */; };
		CEA4419C2A2F3833008FFEEE /* PaymentInfo.swift in Sources */ = {isa = PBXBuildFile; fileRef = CEA4419B2A2F3833008FFEEE /* PaymentInfo.swift */; };
		CEA4419F2A2F3A28008FFEEE /* PDFGenerator.swift in Sources */ = {isa = PBXBuildFile; fileRef = CEA4419E2A2F3A28008FFEEE /* PDFGenerator.swift */; };
		CEA441A32A2F4AAC008FFEEE /* PaymentReceiptViewController.swift in Sources */ = {isa = PBXBuildFile; fileRef = CEA441A12A2F4AAC008FFEEE /* PaymentReceiptViewController.swift */; };
		CEA441A42A2F4AAC008FFEEE /* PaymentReceptViewController.xib in Resources */ = {isa = PBXBuildFile; fileRef = CEA441A22A2F4AAC008FFEEE /* PaymentReceptViewController.xib */; };
		CEA441A62A2F8316008FFEEE /* Extension.swift in Sources */ = {isa = PBXBuildFile; fileRef = CEA441A52A2F8316008FFEEE /* Extension.swift */; };
/* End PBXBuildFile section */

/* Begin PBXContainerItemProxy section */
		CE741A072A2F18F800D84E0C /* PBXContainerItemProxy */ = {
			isa = PBXContainerItemProxy;
			containerPortal = CE7419E52A2F18F400D84E0C /* Project object */;
			proxyType = 1;
			remoteGlobalIDString = CE7419EC2A2F18F400D84E0C;
			remoteInfo = "PaymentApp-CIBL-Task";
		};
		CE741A112A2F18F800D84E0C /* PBXContainerItemProxy */ = {
			isa = PBXContainerItemProxy;
			containerPortal = CE7419E52A2F18F400D84E0C /* Project object */;
			proxyType = 1;
			remoteGlobalIDString = CE7419EC2A2F18F400D84E0C;
			remoteInfo = "PaymentApp-CIBL-Task";
		};
/* End PBXContainerItemProxy section */

/* Begin PBXFileReference section */
		CE7419ED2A2F18F400D84E0C /* PaymentApp-CIBL-Task.app */ = {isa = PBXFileReference; explicitFileType = wrapper.application; includeInIndex = 0; path = "PaymentApp-CIBL-Task.app"; sourceTree = BUILT_PRODUCTS_DIR; };
		CE7419F02A2F18F400D84E0C /* AppDelegate.swift */ = {isa = PBXFileReference; lastKnownFileType = sourcecode.swift; path = AppDelegate.swift; sourceTree = "<group>"; };
		CE7419F22A2F18F400D84E0C /* SceneDelegate.swift */ = {isa = PBXFileReference; lastKnownFileType = sourcecode.swift; path = SceneDelegate.swift; sourceTree = "<group>"; };
		CE7419F42A2F18F400D84E0C /* ViewController.swift */ = {isa = PBXFileReference; lastKnownFileType = sourcecode.swift; path = ViewController.swift; sourceTree = "<group>"; };
		CE7419F72A2F18F400D84E0C /* Base */ = {isa = PBXFileReference; lastKnownFileType = file.storyboard; name = Base; path = Base.lproj/Main.storyboard; sourceTree = "<group>"; };
		CE7419FA2A2F18F400D84E0C /* PaymentApp_CIBL_Task.xcdatamodel */ = {isa = PBXFileReference; lastKnownFileType = wrapper.xcdatamodel; path = PaymentApp_CIBL_Task.xcdatamodel; sourceTree = "<group>"; };
		CE7419FC2A2F18F700D84E0C /* Assets.xcassets */ = {isa = PBXFileReference; lastKnownFileType = folder.assetcatalog; path = Assets.xcassets; sourceTree = "<group>"; };
		CE7419FF2A2F18F700D84E0C /* Base */ = {isa = PBXFileReference; lastKnownFileType = file.storyboard; name = Base; path = Base.lproj/LaunchScreen.storyboard; sourceTree = "<group>"; };
		CE741A012A2F18F700D84E0C /* Info.plist */ = {isa = PBXFileReference; lastKnownFileType = text.plist.xml; path = Info.plist; sourceTree = "<group>"; };
		CE741A062A2F18F800D84E0C /* PaymentApp-CIBL-TaskTests.xctest */ = {isa = PBXFileReference; explicitFileType = wrapper.cfbundle; includeInIndex = 0; path = "PaymentApp-CIBL-TaskTests.xctest"; sourceTree = BUILT_PRODUCTS_DIR; };
		CE741A0A2A2F18F800D84E0C /* PaymentApp_CIBL_TaskTests.swift */ = {isa = PBXFileReference; lastKnownFileType = sourcecode.swift; path = PaymentApp_CIBL_TaskTests.swift; sourceTree = "<group>"; };
		CE741A102A2F18F800D84E0C /* PaymentApp-CIBL-TaskUITests.xctest */ = {isa = PBXFileReference; explicitFileType = wrapper.cfbundle; includeInIndex = 0; path = "PaymentApp-CIBL-TaskUITests.xctest"; sourceTree = BUILT_PRODUCTS_DIR; };
		CE741A142A2F18F800D84E0C /* PaymentApp_CIBL_TaskUITests.swift */ = {isa = PBXFileReference; lastKnownFileType = sourcecode.swift; path = PaymentApp_CIBL_TaskUITests.swift; sourceTree = "<group>"; };
		CE741A162A2F18F800D84E0C /* PaymentApp_CIBL_TaskUITestsLaunchTests.swift */ = {isa = PBXFileReference; lastKnownFileType = sourcecode.swift; path = PaymentApp_CIBL_TaskUITestsLaunchTests.swift; sourceTree = "<group>"; };
		CE741A282A2F237800D84E0C /* Payment.storyboard */ = {isa = PBXFileReference; lastKnownFileType = file.storyboard; path = Payment.storyboard; sourceTree = "<group>"; };
		CE741A2A2A2F238E00D84E0C /* PaymentViewController.swift */ = {isa = PBXFileReference; lastKnownFileType = sourcecode.swift; path = PaymentViewController.swift; sourceTree = "<group>"; };
		CEA4419B2A2F3833008FFEEE /* PaymentInfo.swift */ = {isa = PBXFileReference; lastKnownFileType = sourcecode.swift; path = PaymentInfo.swift; sourceTree = "<group>"; };
		CEA4419E2A2F3A28008FFEEE /* PDFGenerator.swift */ = {isa = PBXFileReference; lastKnownFileType = sourcecode.swift; path = PDFGenerator.swift; sourceTree = "<group>"; };
		CEA441A12A2F4AAC008FFEEE /* PaymentReceiptViewController.swift */ = {isa = PBXFileReference; lastKnownFileType = sourcecode.swift; path = PaymentReceiptViewController.swift; sourceTree = "<group>"; };
		CEA441A22A2F4AAC008FFEEE /* PaymentReceptViewController.xib */ = {isa = PBXFileReference; lastKnownFileType = file.xib; path = PaymentReceptViewController.xib; sourceTree = "<group>"; };
		CEA441A52A2F8316008FFEEE /* Extension.swift */ = {isa = PBXFileReference; lastKnownFileType = sourcecode.swift; path = Extension.swift; sourceTree = "<group>"; };
/* End PBXFileReference section */

/* Begin PBXFrameworksBuildPhase section */
		CE7419EA2A2F18F400D84E0C /* Frameworks */ = {
			isa = PBXFrameworksBuildPhase;
			buildActionMask = 2147483647;
			files = (
			);
			runOnlyForDeploymentPostprocessing = 0;
		};
		CE741A032A2F18F800D84E0C /* Frameworks */ = {
			isa = PBXFrameworksBuildPhase;
			buildActionMask = 2147483647;
			files = (
			);
			runOnlyForDeploymentPostprocessing = 0;
		};
		CE741A0D2A2F18F800D84E0C /* Frameworks */ = {
			isa = PBXFrameworksBuildPhase;
			buildActionMask = 2147483647;
			files = (
			);
			runOnlyForDeploymentPostprocessing = 0;
		};
/* End PBXFrameworksBuildPhase section */

/* Begin PBXGroup section */
		CE7419E42A2F18F400D84E0C = {
			isa = PBXGroup;
			children = (
				CE7419EF2A2F18F400D84E0C /* PaymentApp-CIBL-Task */,
				CE741A092A2F18F800D84E0C /* PaymentApp-CIBL-TaskTests */,
				CE741A132A2F18F800D84E0C /* PaymentApp-CIBL-TaskUITests */,
				CE7419EE2A2F18F400D84E0C /* Products */,
			);
			sourceTree = "<group>";
		};
		CE7419EE2A2F18F400D84E0C /* Products */ = {
			isa = PBXGroup;
			children = (
				CE7419ED2A2F18F400D84E0C /* PaymentApp-CIBL-Task.app */,
				CE741A062A2F18F800D84E0C /* PaymentApp-CIBL-TaskTests.xctest */,
				CE741A102A2F18F800D84E0C /* PaymentApp-CIBL-TaskUITests.xctest */,
			);
			name = Products;
			sourceTree = "<group>";
		};
		CE7419EF2A2F18F400D84E0C /* PaymentApp-CIBL-Task */ = {
			isa = PBXGroup;
			children = (
				CEA4419D2A2F3A1C008FFEEE /* Helper */,
				CEA4419A2A2F3813008FFEEE /* Model */,
				CE741A262A2F231E00D84E0C /* Controller */,
				CE7419F62A2F18F400D84E0C /* Main.storyboard */,
				CE7419F42A2F18F400D84E0C /* ViewController.swift */,
				CE741A252A2F230E00D84E0C /* System */,
				CE7419FE2A2F18F700D84E0C /* LaunchScreen.storyboard */,
				CE741A012A2F18F700D84E0C /* Info.plist */,
				CE7419FC2A2F18F700D84E0C /* Assets.xcassets */,
				CE7419F92A2F18F400D84E0C /* PaymentApp_CIBL_Task.xcdatamodeld */,
			);
			path = "PaymentApp-CIBL-Task";
			sourceTree = "<group>";
		};
		CE741A092A2F18F800D84E0C /* PaymentApp-CIBL-TaskTests */ = {
			isa = PBXGroup;
			children = (
				CE741A0A2A2F18F800D84E0C /* PaymentApp_CIBL_TaskTests.swift */,
			);
			path = "PaymentApp-CIBL-TaskTests";
			sourceTree = "<group>";
		};
		CE741A132A2F18F800D84E0C /* PaymentApp-CIBL-TaskUITests */ = {
			isa = PBXGroup;
			children = (
				CE741A142A2F18F800D84E0C /* PaymentApp_CIBL_TaskUITests.swift */,
				CE741A162A2F18F800D84E0C /* PaymentApp_CIBL_TaskUITestsLaunchTests.swift */,
			);
			path = "PaymentApp-CIBL-TaskUITests";
			sourceTree = "<group>";
		};
		CE741A252A2F230E00D84E0C /* System */ = {
			isa = PBXGroup;
			children = (
				CE7419F22A2F18F400D84E0C /* SceneDelegate.swift */,
				CE7419F02A2F18F400D84E0C /* AppDelegate.swift */,
			);
			path = System;
			sourceTree = "<group>";
		};
		CE741A262A2F231E00D84E0C /* Controller */ = {
			isa = PBXGroup;
			children = (
				CEA441A02A2F4A7F008FFEEE /* PaymentReceptDialogVC */,
				CE741A272A2F233F00D84E0C /* PaymentVC */,
			);
			path = Controller;
			sourceTree = "<group>";
		};
		CE741A272A2F233F00D84E0C /* PaymentVC */ = {
			isa = PBXGroup;
			children = (
				CE741A282A2F237800D84E0C /* Payment.storyboard */,
				CE741A2A2A2F238E00D84E0C /* PaymentViewController.swift */,
			);
			path = PaymentVC;
			sourceTree = "<group>";
		};
		CEA4419A2A2F3813008FFEEE /* Model */ = {
			isa = PBXGroup;
			children = (
				CEA4419B2A2F3833008FFEEE /* PaymentInfo.swift */,
			);
			path = Model;
			sourceTree = "<group>";
		};
		CEA4419D2A2F3A1C008FFEEE /* Helper */ = {
			isa = PBXGroup;
			children = (
				CEA4419E2A2F3A28008FFEEE /* PDFGenerator.swift */,
				CEA441A52A2F8316008FFEEE /* Extension.swift */,
			);
			path = Helper;
			sourceTree = "<group>";
		};
		CEA441A02A2F4A7F008FFEEE /* PaymentReceptDialogVC */ = {
			isa = PBXGroup;
			children = (
				CEA441A12A2F4AAC008FFEEE /* PaymentReceiptViewController.swift */,
				CEA441A22A2F4AAC008FFEEE /* PaymentReceptViewController.xib */,
			);
			path = PaymentReceptDialogVC;
			sourceTree = "<group>";
		};
/* End PBXGroup section */

/* Begin PBXNativeTarget section */
		CE7419EC2A2F18F400D84E0C /* PaymentApp-CIBL-Task */ = {
			isa = PBXNativeTarget;
			buildConfigurationList = CE741A1A2A2F18F800D84E0C /* Build configuration list for PBXNativeTarget "PaymentApp-CIBL-Task" */;
			buildPhases = (
				CE7419E92A2F18F400D84E0C /* Sources */,
				CE7419EA2A2F18F400D84E0C /* Frameworks */,
				CE7419EB2A2F18F400D84E0C /* Resources */,
			);
			buildRules = (
			);
			dependencies = (
			);
			name = "PaymentApp-CIBL-Task";
			productName = "PaymentApp-CIBL-Task";
			productReference = CE7419ED2A2F18F400D84E0C /* PaymentApp-CIBL-Task.app */;
			productType = "com.apple.product-type.application";
		};
		CE741A052A2F18F800D84E0C /* PaymentApp-CIBL-TaskTests */ = {
			isa = PBXNativeTarget;
			buildConfigurationList = CE741A1D2A2F18F800D84E0C /* Build configuration list for PBXNativeTarget "PaymentApp-CIBL-TaskTests" */;
			buildPhases = (
				CE741A022A2F18F800D84E0C /* Sources */,
				CE741A032A2F18F800D84E0C /* Frameworks */,
				CE741A042A2F18F800D84E0C /* Resources */,
			);
			buildRules = (
			);
			dependencies = (
				CE741A082A2F18F800D84E0C /* PBXTargetDependency */,
			);
			name = "PaymentApp-CIBL-TaskTests";
			productName = "PaymentApp-CIBL-TaskTests";
			productReference = CE741A062A2F18F800D84E0C /* PaymentApp-CIBL-TaskTests.xctest */;
			productType = "com.apple.product-type.bundle.unit-test";
		};
		CE741A0F2A2F18F800D84E0C /* PaymentApp-CIBL-TaskUITests */ = {
			isa = PBXNativeTarget;
			buildConfigurationList = CE741A202A2F18F800D84E0C /* Build configuration list for PBXNativeTarget "PaymentApp-CIBL-TaskUITests" */;
			buildPhases = (
				CE741A0C2A2F18F800D84E0C /* Sources */,
				CE741A0D2A2F18F800D84E0C /* Frameworks */,
				CE741A0E2A2F18F800D84E0C /* Resources */,
			);
			buildRules = (
			);
			dependencies = (
				CE741A122A2F18F800D84E0C /* PBXTargetDependency */,
			);
			name = "PaymentApp-CIBL-TaskUITests";
			productName = "PaymentApp-CIBL-TaskUITests";
			productReference = CE741A102A2F18F800D84E0C /* PaymentApp-CIBL-TaskUITests.xctest */;
			productType = "com.apple.product-type.bundle.ui-testing";
		};
/* End PBXNativeTarget section */

/* Begin PBXProject section */
		CE7419E52A2F18F400D84E0C /* Project object */ = {
			isa = PBXProject;
			attributes = {
				BuildIndependentTargetsInParallel = 1;
				LastSwiftUpdateCheck = 1420;
				LastUpgradeCheck = 1420;
				TargetAttributes = {
					CE7419EC2A2F18F400D84E0C = {
						CreatedOnToolsVersion = 14.2;
					};
					CE741A052A2F18F800D84E0C = {
						CreatedOnToolsVersion = 14.2;
						TestTargetID = CE7419EC2A2F18F400D84E0C;
					};
					CE741A0F2A2F18F800D84E0C = {
						CreatedOnToolsVersion = 14.2;
						TestTargetID = CE7419EC2A2F18F400D84E0C;
					};
				};
			};
			buildConfigurationList = CE7419E82A2F18F400D84E0C /* Build configuration list for PBXProject "PaymentApp-CIBL-Task" */;
			compatibilityVersion = "Xcode 14.0";
			developmentRegion = en;
			hasScannedForEncodings = 0;
			knownRegions = (
				en,
				Base,
			);
			mainGroup = CE7419E42A2F18F400D84E0C;
			productRefGroup = CE7419EE2A2F18F400D84E0C /* Products */;
			projectDirPath = "";
			projectRoot = "";
			targets = (
				CE7419EC2A2F18F400D84E0C /* PaymentApp-CIBL-Task */,
				CE741A052A2F18F800D84E0C /* PaymentApp-CIBL-TaskTests */,
				CE741A0F2A2F18F800D84E0C /* PaymentApp-CIBL-TaskUITests */,
			);
		};
/* End PBXProject section */

/* Begin PBXResourcesBuildPhase section */
		CE7419EB2A2F18F400D84E0C /* Resources */ = {
			isa = PBXResourcesBuildPhase;
			buildActionMask = 2147483647;
			files = (
				CEA441A42A2F4AAC008FFEEE /* PaymentReceptViewController.xib in Resources */,
				CE741A002A2F18F700D84E0C /* LaunchScreen.storyboard in Resources */,
				CE7419FD2A2F18F700D84E0C /* Assets.xcassets in Resources */,
				CE7419F82A2F18F400D84E0C /* Main.storyboard in Resources */,
				CE741A292A2F237800D84E0C /* Payment.storyboard in Resources */,
			);
			runOnlyForDeploymentPostprocessing = 0;
		};
		CE741A042A2F18F800D84E0C /* Resources */ = {
			isa = PBXResourcesBuildPhase;
			buildActionMask = 2147483647;
			files = (
			);
			runOnlyForDeploymentPostprocessing = 0;
		};
		CE741A0E2A2F18F800D84E0C /* Resources */ = {
			isa = PBXResourcesBuildPhase;
			buildActionMask = 2147483647;
			files = (
			);
			runOnlyForDeploymentPostprocessing = 0;
		};
/* End PBXResourcesBuildPhase section */

/* Begin PBXSourcesBuildPhase section */
		CE7419E92A2F18F400D84E0C /* Sources */ = {
			isa = PBXSourcesBuildPhase;
			buildActionMask = 2147483647;
			files = (
				CEA441A62A2F8316008FFEEE /* Extension.swift in Sources */,
				CE7419F52A2F18F400D84E0C /* ViewController.swift in Sources */,
				CEA4419F2A2F3A28008FFEEE /* PDFGenerator.swift in Sources */,
				CEA4419C2A2F3833008FFEEE /* PaymentInfo.swift in Sources */,
				CE7419FB2A2F18F400D84E0C /* PaymentApp_CIBL_Task.xcdatamodeld in Sources */,
				CEA441A32A2F4AAC008FFEEE /* PaymentReceiptViewController.swift in Sources */,
				CE741A2B2A2F238E00D84E0C /* PaymentViewController.swift in Sources */,
				CE7419F12A2F18F400D84E0C /* AppDelegate.swift in Sources */,
				CE7419F32A2F18F400D84E0C /* SceneDelegate.swift in Sources */,
			);
			runOnlyForDeploymentPostprocessing = 0;
		};
		CE741A022A2F18F800D84E0C /* Sources */ = {
			isa = PBXSourcesBuildPhase;
			buildActionMask = 2147483647;
			files = (
				CE741A0B2A2F18F800D84E0C /* PaymentApp_CIBL_TaskTests.swift in Sources */,
			);
			runOnlyForDeploymentPostprocessing = 0;
		};
		CE741A0C2A2F18F800D84E0C /* Sources */ = {
			isa = PBXSourcesBuildPhase;
			buildActionMask = 2147483647;
			files = (
				CE741A172A2F18F800D84E0C /* PaymentApp_CIBL_TaskUITestsLaunchTests.swift in Sources */,
				CE741A152A2F18F800D84E0C /* PaymentApp_CIBL_TaskUITests.swift in Sources */,
			);
			runOnlyForDeploymentPostprocessing = 0;
		};
/* End PBXSourcesBuildPhase section */

/* Begin PBXTargetDependency section */
		CE741A082A2F18F800D84E0C /* PBXTargetDependency */ = {
			isa = PBXTargetDependency;
			target = CE7419EC2A2F18F400D84E0C /* PaymentApp-CIBL-Task */;
			targetProxy = CE741A072A2F18F800D84E0C /* PBXContainerItemProxy */;
		};
		CE741A122A2F18F800D84E0C /* PBXTargetDependency */ = {
			isa = PBXTargetDependency;
			target = CE7419EC2A2F18F400D84E0C /* PaymentApp-CIBL-Task */;
			targetProxy = CE741A112A2F18F800D84E0C /* PBXContainerItemProxy */;
		};
/* End PBXTargetDependency section */

/* Begin PBXVariantGroup section */
		CE7419F62A2F18F400D84E0C /* Main.storyboard */ = {
			isa = PBXVariantGroup;
			children = (
				CE7419F72A2F18F400D84E0C /* Base */,
			);
			name = Main.storyboard;
			sourceTree = "<group>";
		};
		CE7419FE2A2F18F700D84E0C /* LaunchScreen.storyboard */ = {
			isa = PBXVariantGroup;
			children = (
				CE7419FF2A2F18F700D84E0C /* Base */,
			);
			name = LaunchScreen.storyboard;
			sourceTree = "<group>";
		};
/* End PBXVariantGroup section */

/* Begin XCBuildConfiguration section */
		CE741A182A2F18F800D84E0C /* Debug */ = {
			isa = XCBuildConfiguration;
			buildSettings = {
				ALWAYS_SEARCH_USER_PATHS = NO;
				CLANG_ANALYZER_NONNULL = YES;
				CLANG_ANALYZER_NUMBER_OBJECT_CONVERSION = YES_AGGRESSIVE;
				CLANG_CXX_LANGUAGE_STANDARD = "gnu++20";
				CLANG_ENABLE_MODULES = YES;
				CLANG_ENABLE_OBJC_ARC = YES;
				CLANG_ENABLE_OBJC_WEAK = YES;
				CLANG_WARN_BLOCK_CAPTURE_AUTORELEASING = YES;
				CLANG_WARN_BOOL_CONVERSION = YES;
				CLANG_WARN_COMMA = YES;
				CLANG_WARN_CONSTANT_CONVERSION = YES;
				CLANG_WARN_DEPRECATED_OBJC_IMPLEMENTATIONS = YES;
				CLANG_WARN_DIRECT_OBJC_ISA_USAGE = YES_ERROR;
				CLANG_WARN_DOCUMENTATION_COMMENTS = YES;
				CLANG_WARN_EMPTY_BODY = YES;
				CLANG_WARN_ENUM_CONVERSION = YES;
				CLANG_WARN_INFINITE_RECURSION = YES;
				CLANG_WARN_INT_CONVERSION = YES;
				CLANG_WARN_NON_LITERAL_NULL_CONVERSION = YES;
				CLANG_WARN_OBJC_IMPLICIT_RETAIN_SELF = YES;
				CLANG_WARN_OBJC_LITERAL_CONVERSION = YES;
				CLANG_WARN_OBJC_ROOT_CLASS = YES_ERROR;
				CLANG_WARN_QUOTED_INCLUDE_IN_FRAMEWORK_HEADER = YES;
				CLANG_WARN_RANGE_LOOP_ANALYSIS = YES;
				CLANG_WARN_STRICT_PROTOTYPES = YES;
				CLANG_WARN_SUSPICIOUS_MOVE = YES;
				CLANG_WARN_UNGUARDED_AVAILABILITY = YES_AGGRESSIVE;
				CLANG_WARN_UNREACHABLE_CODE = YES;
				CLANG_WARN__DUPLICATE_METHOD_MATCH = YES;
				COPY_PHASE_STRIP = NO;
				DEBUG_INFORMATION_FORMAT = dwarf;
				ENABLE_STRICT_OBJC_MSGSEND = YES;
				ENABLE_TESTABILITY = YES;
				GCC_C_LANGUAGE_STANDARD = gnu11;
				GCC_DYNAMIC_NO_PIC = NO;
				GCC_NO_COMMON_BLOCKS = YES;
				GCC_OPTIMIZATION_LEVEL = 0;
				GCC_PREPROCESSOR_DEFINITIONS = (
					"DEBUG=1",
					"$(inherited)",
				);
				GCC_WARN_64_TO_32_BIT_CONVERSION = YES;
				GCC_WARN_ABOUT_RETURN_TYPE = YES_ERROR;
				GCC_WARN_UNDECLARED_SELECTOR = YES;
				GCC_WARN_UNINITIALIZED_AUTOS = YES_AGGRESSIVE;
				GCC_WARN_UNUSED_FUNCTION = YES;
				GCC_WARN_UNUSED_VARIABLE = YES;
				IPHONEOS_DEPLOYMENT_TARGET = 16.2;
				MTL_ENABLE_DEBUG_INFO = INCLUDE_SOURCE;
				MTL_FAST_MATH = YES;
				ONLY_ACTIVE_ARCH = YES;
				SDKROOT = iphoneos;
				SWIFT_ACTIVE_COMPILATION_CONDITIONS = DEBUG;
				SWIFT_OPTIMIZATION_LEVEL = "-Onone";
			};
			name = Debug;
		};
		CE741A192A2F18F800D84E0C /* Release */ = {
			isa = XCBuildConfiguration;
			buildSettings = {
				ALWAYS_SEARCH_USER_PATHS = NO;
				CLANG_ANALYZER_NONNULL = YES;
				CLANG_ANALYZER_NUMBER_OBJECT_CONVERSION = YES_AGGRESSIVE;
				CLANG_CXX_LANGUAGE_STANDARD = "gnu++20";
				CLANG_ENABLE_MODULES = YES;
				CLANG_ENABLE_OBJC_ARC = YES;
				CLANG_ENABLE_OBJC_WEAK = YES;
				CLANG_WARN_BLOCK_CAPTURE_AUTORELEASING = YES;
				CLANG_WARN_BOOL_CONVERSION = YES;
				CLANG_WARN_COMMA = YES;
				CLANG_WARN_CONSTANT_CONVERSION = YES;
				CLANG_WARN_DEPRECATED_OBJC_IMPLEMENTATIONS = YES;
				CLANG_WARN_DIRECT_OBJC_ISA_USAGE = YES_ERROR;
				CLANG_WARN_DOCUMENTATION_COMMENTS = YES;
				CLANG_WARN_EMPTY_BODY = YES;
				CLANG_WARN_ENUM_CONVERSION = YES;
				CLANG_WARN_INFINITE_RECURSION = YES;
				CLANG_WARN_INT_CONVERSION = YES;
				CLANG_WARN_NON_LITERAL_NULL_CONVERSION = YES;
				CLANG_WARN_OBJC_IMPLICIT_RETAIN_SELF = YES;
				CLANG_WARN_OBJC_LITERAL_CONVERSION = YES;
				CLANG_WARN_OBJC_ROOT_CLASS = YES_ERROR;
				CLANG_WARN_QUOTED_INCLUDE_IN_FRAMEWORK_HEADER = YES;
				CLANG_WARN_RANGE_LOOP_ANALYSIS = YES;
				CLANG_WARN_STRICT_PROTOTYPES = YES;
				CLANG_WARN_SUSPICIOUS_MOVE = YES;
				CLANG_WARN_UNGUARDED_AVAILABILITY = YES_AGGRESSIVE;
				CLANG_WARN_UNREACHABLE_CODE = YES;
				CLANG_WARN__DUPLICATE_METHOD_MATCH = YES;
				COPY_PHASE_STRIP = NO;
				DEBUG_INFORMATION_FORMAT = "dwarf-with-dsym";
				ENABLE_NS_ASSERTIONS = NO;
				ENABLE_STRICT_OBJC_MSGSEND = YES;
				GCC_C_LANGUAGE_STANDARD = gnu11;
				GCC_NO_COMMON_BLOCKS = YES;
				GCC_WARN_64_TO_32_BIT_CONVERSION = YES;
				GCC_WARN_ABOUT_RETURN_TYPE = YES_ERROR;
				GCC_WARN_UNDECLARED_SELECTOR = YES;
				GCC_WARN_UNINITIALIZED_AUTOS = YES_AGGRESSIVE;
				GCC_WARN_UNUSED_FUNCTION = YES;
				GCC_WARN_UNUSED_VARIABLE = YES;
				IPHONEOS_DEPLOYMENT_TARGET = 16.2;
				MTL_ENABLE_DEBUG_INFO = NO;
				MTL_FAST_MATH = YES;
				SDKROOT = iphoneos;
				SWIFT_COMPILATION_MODE = wholemodule;
				SWIFT_OPTIMIZATION_LEVEL = "-O";
				VALIDATE_PRODUCT = YES;
			};
			name = Release;
		};
		CE741A1B2A2F18F800D84E0C /* Debug */ = {
			isa = XCBuildConfiguration;
			buildSettings = {
				ASSETCATALOG_COMPILER_APPICON_NAME = AppIcon;
				ASSETCATALOG_COMPILER_GLOBAL_ACCENT_COLOR_NAME = AccentColor;
				CODE_SIGN_STYLE = Automatic;
				CURRENT_PROJECT_VERSION = 1;
				DEVELOPMENT_TEAM = G92SD6SVX7;
				GENERATE_INFOPLIST_FILE = YES;
				INFOPLIST_FILE = "PaymentApp-CIBL-Task/Info.plist";
				INFOPLIST_KEY_UIApplicationSupportsIndirectInputEvents = YES;
				INFOPLIST_KEY_UILaunchStoryboardName = LaunchScreen;
				INFOPLIST_KEY_UIMainStoryboardFile = Main;
				INFOPLIST_KEY_UISupportedInterfaceOrientations_iPad = "UIInterfaceOrientationPortrait UIInterfaceOrientationPortraitUpsideDown UIInterfaceOrientationLandscapeLeft UIInterfaceOrientationLandscapeRight";
				INFOPLIST_KEY_UISupportedInterfaceOrientations_iPhone = "UIInterfaceOrientationPortrait UIInterfaceOrientationLandscapeLeft UIInterfaceOrientationLandscapeRight";
				LD_RUNPATH_SEARCH_PATHS = (
					"$(inherited)",
					"@executable_path/Frameworks",
				);
				MARKETING_VERSION = 1.0;
				PRODUCT_BUNDLE_IDENTIFIER = "com.arif.PaymentApp-CIBL-Task";
				PRODUCT_NAME = "$(TARGET_NAME)";
				SWIFT_EMIT_LOC_STRINGS = YES;
				SWIFT_VERSION = 5.0;
				TARGETED_DEVICE_FAMILY = "1,2";
			};
			name = Debug;
		};
		CE741A1C2A2F18F800D84E0C /* Release */ = {
			isa = XCBuildConfiguration;
			buildSettings = {
				ASSETCATALOG_COMPILER_APPICON_NAME = AppIcon;
				ASSETCATALOG_COMPILER_GLOBAL_ACCENT_COLOR_NAME = AccentColor;
				CODE_SIGN_STYLE = Automatic;
				CURRENT_PROJECT_VERSION = 1;
				DEVELOPMENT_TEAM = G92SD6SVX7;
				GENERATE_INFOPLIST_FILE = YES;
				INFOPLIST_FILE = "PaymentApp-CIBL-Task/Info.plist";
				INFOPLIST_KEY_UIApplicationSupportsIndirectInputEvents = YES;
				INFOPLIST_KEY_UILaunchStoryboardName = LaunchScreen;
				INFOPLIST_KEY_UIMainStoryboardFile = Main;
				INFOPLIST_KEY_UISupportedInterfaceOrientations_iPad = "UIInterfaceOrientationPortrait UIInterfaceOrientationPortraitUpsideDown UIInterfaceOrientationLandscapeLeft UIInterfaceOrientationLandscapeRight";
				INFOPLIST_KEY_UISupportedInterfaceOrientations_iPhone = "UIInterfaceOrientationPortrait UIInterfaceOrientationLandscapeLeft UIInterfaceOrientationLandscapeRight";
				LD_RUNPATH_SEARCH_PATHS = (
					"$(inherited)",
					"@executable_path/Frameworks",
				);
				MARKETING_VERSION = 1.0;
				PRODUCT_BUNDLE_IDENTIFIER = "com.arif.PaymentApp-CIBL-Task";
				PRODUCT_NAME = "$(TARGET_NAME)";
				SWIFT_EMIT_LOC_STRINGS = YES;
				SWIFT_VERSION = 5.0;
				TARGETED_DEVICE_FAMILY = "1,2";
			};
			name = Release;
		};
		CE741A1E2A2F18F800D84E0C /* Debug */ = {
			isa = XCBuildConfiguration;
			buildSettings = {
				ALWAYS_EMBED_SWIFT_STANDARD_LIBRARIES = YES;
				BUNDLE_LOADER = "$(TEST_HOST)";
				CODE_SIGN_STYLE = Automatic;
				CURRENT_PROJECT_VERSION = 1;
				DEVELOPMENT_TEAM = G92SD6SVX7;
				GENERATE_INFOPLIST_FILE = YES;
				IPHONEOS_DEPLOYMENT_TARGET = 16.2;
				MARKETING_VERSION = 1.0;
				PRODUCT_BUNDLE_IDENTIFIER = "com.arif.PaymentApp-CIBL-TaskTests";
				PRODUCT_NAME = "$(TARGET_NAME)";
				SWIFT_EMIT_LOC_STRINGS = NO;
				SWIFT_VERSION = 5.0;
				TARGETED_DEVICE_FAMILY = "1,2";
				TEST_HOST = "$(BUILT_PRODUCTS_DIR)/PaymentApp-CIBL-Task.app/$(BUNDLE_EXECUTABLE_FOLDER_PATH)/PaymentApp-CIBL-Task";
			};
			name = Debug;
		};
		CE741A1F2A2F18F800D84E0C /* Release */ = {
			isa = XCBuildConfiguration;
			buildSettings = {
				ALWAYS_EMBED_SWIFT_STANDARD_LIBRARIES = YES;
				BUNDLE_LOADER = "$(TEST_HOST)";
				CODE_SIGN_STYLE = Automatic;
				CURRENT_PROJECT_VERSION = 1;
				DEVELOPMENT_TEAM = G92SD6SVX7;
				GENERATE_INFOPLIST_FILE = YES;
				IPHONEOS_DEPLOYMENT_TARGET = 16.2;
				MARKETING_VERSION = 1.0;
				PRODUCT_BUNDLE_IDENTIFIER = "com.arif.PaymentApp-CIBL-TaskTests";
				PRODUCT_NAME = "$(TARGET_NAME)";
				SWIFT_EMIT_LOC_STRINGS = NO;
				SWIFT_VERSION = 5.0;
				TARGETED_DEVICE_FAMILY = "1,2";
				TEST_HOST = "$(BUILT_PRODUCTS_DIR)/PaymentApp-CIBL-Task.app/$(BUNDLE_EXECUTABLE_FOLDER_PATH)/PaymentApp-CIBL-Task";
			};
			name = Release;
		};
		CE741A212A2F18F800D84E0C /* Debug */ = {
			isa = XCBuildConfiguration;
			buildSettings = {
				ALWAYS_EMBED_SWIFT_STANDARD_LIBRARIES = YES;
				CODE_SIGN_STYLE = Automatic;
				CURRENT_PROJECT_VERSION = 1;
				DEVELOPMENT_TEAM = G92SD6SVX7;
				GENERATE_INFOPLIST_FILE = YES;
				MARKETING_VERSION = 1.0;
				PRODUCT_BUNDLE_IDENTIFIER = "com.arif.PaymentApp-CIBL-TaskUITests";
				PRODUCT_NAME = "$(TARGET_NAME)";
				SWIFT_EMIT_LOC_STRINGS = NO;
				SWIFT_VERSION = 5.0;
				TARGETED_DEVICE_FAMILY = "1,2";
				TEST_TARGET_NAME = "PaymentApp-CIBL-Task";
			};
			name = Debug;
		};
		CE741A222A2F18F800D84E0C /* Release */ = {
			isa = XCBuildConfiguration;
			buildSettings = {
				ALWAYS_EMBED_SWIFT_STANDARD_LIBRARIES = YES;
				CODE_SIGN_STYLE = Automatic;
				CURRENT_PROJECT_VERSION = 1;
				DEVELOPMENT_TEAM = G92SD6SVX7;
				GENERATE_INFOPLIST_FILE = YES;
				MARKETING_VERSION = 1.0;
				PRODUCT_BUNDLE_IDENTIFIER = "com.arif.PaymentApp-CIBL-TaskUITests";
				PRODUCT_NAME = "$(TARGET_NAME)";
				SWIFT_EMIT_LOC_STRINGS = NO;
				SWIFT_VERSION = 5.0;
				TARGETED_DEVICE_FAMILY = "1,2";
				TEST_TARGET_NAME = "PaymentApp-CIBL-Task";
			};
			name = Release;
		};
/* End XCBuildConfiguration section */

/* Begin XCConfigurationList section */
		CE7419E82A2F18F400D84E0C /* Build configuration list for PBXProject "PaymentApp-CIBL-Task" */ = {
			isa = XCConfigurationList;
			buildConfigurations = (
				CE741A182A2F18F800D84E0C /* Debug */,
				CE741A192A2F18F800D84E0C /* Release */,
			);
			defaultConfigurationIsVisible = 0;
			defaultConfigurationName = Release;
		};
		CE741A1A2A2F18F800D84E0C /* Build configuration list for PBXNativeTarget "PaymentApp-CIBL-Task" */ = {
			isa = XCConfigurationList;
			buildConfigurations = (
				CE741A1B2A2F18F800D84E0C /* Debug */,
				CE741A1C2A2F18F800D84E0C /* Release */,
			);
			defaultConfigurationIsVisible = 0;
			defaultConfigurationName = Release;
		};
		CE741A1D2A2F18F800D84E0C /* Build configuration list for PBXNativeTarget "PaymentApp-CIBL-TaskTests" */ = {
			isa = XCConfigurationList;
			buildConfigurations = (
				CE741A1E2A2F18F800D84E0C /* Debug */,
				CE741A1F2A2F18F800D84E0C /* Release */,
			);
			defaultConfigurationIsVisible = 0;
			defaultConfigurationName = Release;
		};
		CE741A202A2F18F800D84E0C /* Build configuration list for PBXNativeTarget "PaymentApp-CIBL-TaskUITests" */ = {
			isa = XCConfigurationList;
			buildConfigurations = (
				CE741A212A2F18F800D84E0C /* Debug */,
				CE741A222A2F18F800D84E0C /* Release */,
			);
			defaultConfigurationIsVisible = 0;
			defaultConfigurationName = Release;
		};
/* End XCConfigurationList section */

/* Begin XCVersionGroup section */
		CE7419F92A2F18F400D84E0C /* PaymentApp_CIBL_Task.xcdatamodeld */ = {
			isa = XCVersionGroup;
			children = (
				CE7419FA2A2F18F400D84E0C /* PaymentApp_CIBL_Task.xcdatamodel */,
			);
			currentVersion = CE7419FA2A2F18F400D84E0C /* PaymentApp_CIBL_Task.xcdatamodel */;
			path = PaymentApp_CIBL_Task.xcdatamodeld;
			sourceTree = "<group>";
			versionGroupType = wrapper.xcdatamodel;
		};
/* End XCVersionGroup section */
	};
	rootObject = CE7419E52A2F18F400D84E0C /* Project object */;
}
